
Microsoft Visual Studio Solution File, Format Version 12.00
# Visual Studio Version 17
VisualStudioVersion = 17.13.35818.85 d17.13
MinimumVisualStudioVersion = 10.0.40219.1
Project("{FAE04EC0-301F-11D3-BF4B-00C04F79EFBC}") = "tp3", "tp3\tp3.csproj", "{597256D1-240F-45E7-897C-239655147AFE}"
EndProject
Global
	GlobalSection(SolutionConfigurationPlatforms) = preSolution
		Debug|Any CPU = Debug|Any CPU
		Release|Any CPU = Release|Any CPU
	EndGlobalSection
	GlobalSection(ProjectConfigurationPlatforms) = postSolution
		{597256D1-240F-45E7-897C-239655147AFE}.Debug|Any CPU.ActiveCfg = Debug|Any CPU
		{597256D1-240F-45E7-897C-239655147AFE}.Debug|Any CPU.Build.0 = Debug|Any CPU
		{597256D1-240F-45E7-897C-239655147AFE}.Release|Any CPU.ActiveCfg = Release|Any CPU
		{597256D1-240F-45E7-897C-239655147AFE}.Release|Any CPU.Build.0 = Release|Any CPU
	EndGlobalSection
	GlobalSection(SolutionProperties) = preSolution
		HideSolutionNode = FALSE
	EndGlobalSection
	GlobalSection(ExtensibilityGlobals) = postSolution
		SolutionGuid = {4F588F97-E249-4814-BB74-BC3B86A83CB7}
	EndGlobalSection
EndGlobal
